Microsoft Visual Studio Solution File, Format Version 7.00
Project("{8BC9CEB8-8B4A-11D0-8D11-00A0C91BC942}") = "CryCommon", "CryCommon\CryCommon.vcproj", "{CC7E772A-D33D-4CDA-9F83-9281A7C48539}"
EndProject
Project("{8BC9CEB8-8B4A-11D0-8D11-00A0C91BC942}") = "Cry3DEngine_XBox", "Cry3DEngine\Cry3DEngine_XBox.vcproj", "{31FAE924-14B7-45E3-ABEC-DDF33A6C738E}"
EndProject
Project("{8BC9CEB8-8B4A-11D0-8D11-00A0C91BC942}") = "CryAISystem_XBox", "CryAISystem\CryAISystem_XBox.vcproj", "{10D1BB45-464E-4B73-8623-B8F1B1543E04}"
EndProject
Project("{8BC9CEB8-8B4A-11D0-8D11-00A0C91BC942}") = "CryAnimation_XBox", "CryAnimation\CryAnimation_XBox.vcproj", "{7BB11400-AFC9-4439-89B3-A00122B44850}"
EndProject
Project("{8BC9CEB8-8B4A-11D0-8D11-00A0C91BC942}") = "CryEntitySystem_XBox", "CryEntitySystem\CryEntitySystem_XBox.vcproj", "{9A635D0D-011B-46AB-B582-CEAC8977775D}"
EndProject
Project("{8BC9CEB8-8B4A-11D0-8D11-00A0C91BC942}") = "CryFont_XBox", "CryFont\CryFont_XBox.vcproj", "{B75C56F5-1D23-4F46-B981-E685CC442DBB}"
EndProject
Project("{8BC9CEB8-8B4A-11D0-8D11-00A0C91BC942}") = "CryGame_XBox", "CryGame\CryGame_XBox.vcproj", "{A7EC04A5-D65C-4C45-969C-D842823446ED}"
EndProject
Project("{8BC9CEB8-8B4A-11D0-8D11-00A0C91BC942}") = "CryMovie_XBox", "CryMovie\CryMovie_XBox.vcproj", "{DFEF73F1-9AC4-44FD-B0E0-6E5B5B59BECB}"
EndProject
Project("{8BC9CEB8-8B4A-11D0-8D11-00A0C91BC942}") = "CryNetwork_XBox", "CryNetwork\CryNetwork_XBox.vcproj", "{9A4E4BCE-D5B3-474A-874C-6578983CFC7C}"
EndProject
Project("{8BC9CEB8-8B4A-11D0-8D11-00A0C91BC942}") = "CryPhysics_XBox", "CryPhysics\CryPhysics_XBox.vcproj", "{8E23CD25-D0DD-4655-A25E-26DFF7E849D0}"
EndProject
Project("{8BC9CEB8-8B4A-11D0-8D11-00A0C91BC942}") = "CryScriptSystem_XBox", "CryScriptSystem\CryScriptSystem_XBox.vcproj", "{80E81C96-6482-40F5-9C8B-DDE831B136CE}"
EndProject
Project("{8BC9CEB8-8B4A-11D0-8D11-00A0C91BC942}") = "CrySoundSystem_XBox", "CrySoundSystem\CrySoundSystem_XBox.vcproj", "{548DB7CA-1D77-4831-9314-31B0F1FB167B}"
EndProject
Project("{8BC9CEB8-8B4A-11D0-8D11-00A0C91BC942}") = "CrySystem_XBox", "CrySystem\CrySystem_XBox.vcproj", "{9F9FB6F5-D971-4887-B0AD-5C368DDAD90B}"
EndProject
Project("{8BC9CEB8-8B4A-11D0-8D11-00A0C91BC942}") = "FarCry_XBox", "FARCRY\FarCry_XBox.vcproj", "{371D7BDF-BD06-4CF1-A697-CE7CC57C107D}"
EndProject
Project("{8BC9CEB8-8B4A-11D0-8D11-00A0C91BC942}") = "XRenderD3D8_XBox", "RenderDll\xrenderd3d8\XRenderD3D8_XBox.vcproj", "{E9EC2400-2FAB-460B-8CE4-4F0521D23866}"
EndProject
Project("{8BC9CEB8-8B4A-11D0-8D11-00A0C91BC942}") = "CryInput_XBox", "CryInput\CryInput_XBox.vcproj", "{E2E8D5F5-B6CF-4FFE-833C-6877C40D41A5}"
EndProject
Global
	GlobalSection(SourceCodeControl) = preSolution
		SccNumberOfProjects = 17
		SccProjectName0 = \u0022$/Game01\u0022,\u0020GBOAAAAA
		SccLocalPath0 = .
		SccProvider0 = MSSCCI:Microsoft\u0020Visual\u0020SourceSafe
		CanCheckoutShared = false
		SolutionUniqueID = {A06ECB99-3504-4046-98DD-CF1A6931A3BF}
		SccProjectUniqueName1 = CryCommon\\CryCommon.vcproj
		SccProjectName1 = \u0022$/Game01/CryCommon\u0022,\u0020VWOAAAAA
		SccLocalPath1 = CryCommon
		CanCheckoutShared = false
		SccProjectUniqueName2 = Cry3DEngine\\Cry3DEngine_XBox.vcproj
		SccProjectName2 = \u0022$/Game01/Cry3DEngine\u0022,\u0020HXRAAAAA
		SccLocalPath2 = Cry3DEngine
		CanCheckoutShared = false
		SccProjectUniqueName3 = CryAISystem\\CryAISystem_XBox.vcproj
		SccProjectName3 = \u0022$/Game01/CryAISystem\u0022,\u0020IBSAAAAA
		SccLocalPath3 = CryAISystem
		CanCheckoutShared = false
		SccProjectUniqueName4 = CryAnimation\\CryAnimation_XBox.vcproj
		SccProjectName4 = \u0022$/Game01/CryAnimation\u0022,\u0020WNFBAAAA
		SccLocalPath4 = CryAnimation
		CanCheckoutShared = false
		SccProjectUniqueName5 = CryEntitySystem\\CryEntitySystem_XBox.vcproj
		SccProjectName5 = \u0022$/Game01/CryEntitySystem\u0022,\u0020HFRAAAAA
		SccLocalPath5 = CryEntitySystem
		CanCheckoutShared = false
		SccProjectUniqueName6 = CryFont\\CryFont_XBox.vcproj
		SccProjectName6 = \u0022$/Game01/CryFont\u0022,\u0020PBOAAAAA
		SccLocalPath6 = CryFont
		CanCheckoutShared = false
		SccProjectUniqueName7 = CryGame\\CryGame_XBox.vcproj
		SccProjectName7 = \u0022$/Game01/CryGame\u0022,\u0020FESAAAAA
		SccLocalPath7 = CryGame
		CanCheckoutShared = false
		SccProjectUniqueName8 = CryMovie\\CryMovie_XBox.vcproj
		SccProjectName8 = \u0022$/Game01/CryMovie\u0022,\u0020YREBAAAA
		SccLocalPath8 = CryMovie
		CanCheckoutShared = false
		SccProjectUniqueName9 = CryNetwork\\CryNetwork_XBox.vcproj
		SccProjectName9 = \u0022$/Game01/CryNetwork\u0022,\u0020OBOAAAAA
		SccLocalPath9 = CryNetwork
		CanCheckoutShared = false
		SccProjectUniqueName10 = CryPhysics\\CryPhysics_XBox.vcproj
		SccProjectName10 = \u0022$/Game01/CryPhysics\u0022,\u0020NEPAAAAA
		SccLocalPath10 = CryPhysics
		CanCheckoutShared = false
		SccProjectUniqueName11 = CryScriptSystem\\CryScriptSystem_XBox.vcproj
		SccProjectName11 = \u0022$/Game01/CryScriptSystem\u0022,\u0020MNQAAAAA
		SccLocalPath11 = CryScriptSystem
		CanCheckoutShared = false
		SccProjectUniqueName12 = CrySoundSystem\\CrySoundSystem_XBox.vcproj
		SccProjectName12 = \u0022$/Game01/CrySoundSystem\u0022,\u0020VQEBAAAA
		SccLocalPath12 = CrySoundSystem
		CanCheckoutShared = false
		SccProjectUniqueName13 = CrySystem\\CrySystem_XBox.vcproj
		SccProjectName13 = \u0022$/Game01/CrySystem\u0022,\u0020JPKBAAAA
		SccLocalPath13 = CrySystem
		CanCheckoutShared = false
		SccProjectUniqueName14 = FARCRY\\FarCry_XBox.vcproj
		SccProjectName14 = \u0022$/Game01/FarCry\u0022,\u0020JYQAAAAA
		SccLocalPath14 = FARCRY
		CanCheckoutShared = false
		SccProjectUniqueName15 = RenderDll\\xrenderd3d8\\XRenderD3D8_XBox.vcproj
		SccProjectName15 = \u0022$/Game01/RenderDll/XRenderD3D8\u0022,\u0020IFDBAAAA
		SccLocalPath15 = RenderDll\\xrenderd3d8
		CanCheckoutShared = false
		SccProjectUniqueName16 = CryInput\\CryInput_XBox.vcproj
		SccLocalPath16 = .
		CanCheckoutShared = false
		SccProjectFilePathRelativizedFromConnection16 = CryInput\\
	EndGlobalSection
	GlobalSection(SolutionConfiguration) = preSolution
		ConfigName.0 = Debug
		ConfigName.1 = Debug Win32
		ConfigName.2 = Debug Xbox
		ConfigName.3 = Hybrid
		ConfigName.4 = Profile
		ConfigName.5 = Profile Win32
		ConfigName.6 = Profile Xbox
		ConfigName.7 = Release
		ConfigName.8 = Release Win32
		ConfigName.9 = Release Xbox
		ConfigName.10 = XBOX Debug
		ConfigName.11 = XBOX Release
	EndGlobalSection
	GlobalSection(ProjectDependencies) = postSolution
		{371D7BDF-BD06-4CF1-A697-CE7CC57C107D}.0 = {E2E8D5F5-B6CF-4FFE-833C-6877C40D41A5}
		{371D7BDF-BD06-4CF1-A697-CE7CC57C107D}.1 = {E9EC2400-2FAB-460B-8CE4-4F0521D23866}
		{371D7BDF-BD06-4CF1-A697-CE7CC57C107D}.2 = {CC7E772A-D33D-4CDA-9F83-9281A7C48539}
		{371D7BDF-BD06-4CF1-A697-CE7CC57C107D}.3 = {80E81C96-6482-40F5-9C8B-DDE831B136CE}
		{371D7BDF-BD06-4CF1-A697-CE7CC57C107D}.4 = {548DB7CA-1D77-4831-9314-31B0F1FB167B}
		{371D7BDF-BD06-4CF1-A697-CE7CC57C107D}.5 = {DFEF73F1-9AC4-44FD-B0E0-6E5B5B59BECB}
		{371D7BDF-BD06-4CF1-A697-CE7CC57C107D}.6 = {10D1BB45-464E-4B73-8623-B8F1B1543E04}
		{371D7BDF-BD06-4CF1-A697-CE7CC57C107D}.7 = {7BB11400-AFC9-4439-89B3-A00122B44850}
		{371D7BDF-BD06-4CF1-A697-CE7CC57C107D}.8 = {9A635D0D-011B-46AB-B582-CEAC8977775D}
		{371D7BDF-BD06-4CF1-A697-CE7CC57C107D}.9 = {B75C56F5-1D23-4F46-B981-E685CC442DBB}
		{371D7BDF-BD06-4CF1-A697-CE7CC57C107D}.10 = {9A4E4BCE-D5B3-474A-874C-6578983CFC7C}
		{371D7BDF-BD06-4CF1-A697-CE7CC57C107D}.11 = {A7EC04A5-D65C-4C45-969C-D842823446ED}
		{371D7BDF-BD06-4CF1-A697-CE7CC57C107D}.12 = {9F9FB6F5-D971-4887-B0AD-5C368DDAD90B}
		{371D7BDF-BD06-4CF1-A697-CE7CC57C107D}.13 = {8E23CD25-D0DD-4655-A25E-26DFF7E849D0}
		{371D7BDF-BD06-4CF1-A697-CE7CC57C107D}.14 = {31FAE924-14B7-45E3-ABEC-DDF33A6C738E}
	EndGlobalSection
	GlobalSection(ProjectConfiguration) = postSolution
		{CC7E772A-D33D-4CDA-9F83-9281A7C48539}.Debug.ActiveCfg = Debug|Win32
		{CC7E772A-D33D-4CDA-9F83-9281A7C48539}.Debug.Build.0 = Debug|Win32
		{CC7E772A-D33D-4CDA-9F83-9281A7C48539}.Debug Win32.ActiveCfg = Debug|Win32
		{CC7E772A-D33D-4CDA-9F83-9281A7C48539}.Debug Win32.Build.0 = Debug|Win32
		{CC7E772A-D33D-4CDA-9F83-9281A7C48539}.Debug Xbox.ActiveCfg = Debug|Win32
		{CC7E772A-D33D-4CDA-9F83-9281A7C48539}.Debug Xbox.Build.0 = Debug|Win32
		{CC7E772A-D33D-4CDA-9F83-9281A7C48539}.Hybrid.ActiveCfg = Profile|Win32
		{CC7E772A-D33D-4CDA-9F83-9281A7C48539}.Profile.ActiveCfg = Profile|Win32
		{CC7E772A-D33D-4CDA-9F83-9281A7C48539}.Profile Win32.ActiveCfg = Profile|Win32
		{CC7E772A-D33D-4CDA-9F83-9281A7C48539}.Profile Win32.Build.0 = Profile|Win32
		{CC7E772A-D33D-4CDA-9F83-9281A7C48539}.Profile Xbox.ActiveCfg = Profile|Win32
		{CC7E772A-D33D-4CDA-9F83-9281A7C48539}.Profile Xbox.Build.0 = Profile|Win32
		{CC7E772A-D33D-4CDA-9F83-9281A7C48539}.Release.ActiveCfg = Release|Win32
		{CC7E772A-D33D-4CDA-9F83-9281A7C48539}.Release Win32.ActiveCfg = Release|Win32
		{CC7E772A-D33D-4CDA-9F83-9281A7C48539}.Release Win32.Build.0 = Release|Win32
		{CC7E772A-D33D-4CDA-9F83-9281A7C48539}.Release Xbox.ActiveCfg = Release|Win32
		{CC7E772A-D33D-4CDA-9F83-9281A7C48539}.Release Xbox.Build.0 = Release|Win32
		{CC7E772A-D33D-4CDA-9F83-9281A7C48539}.XBOX Debug.ActiveCfg = Debug|Win32
		{CC7E772A-D33D-4CDA-9F83-9281A7C48539}.XBOX Release.ActiveCfg = Release|Win32
		{31FAE924-14B7-45E3-ABEC-DDF33A6C738E}.Debug.ActiveCfg = Debug|Xbox
		{31FAE924-14B7-45E3-ABEC-DDF33A6C738E}.Debug.Build.0 = Debug|Xbox
		{31FAE924-14B7-45E3-ABEC-DDF33A6C738E}.Debug Win32.ActiveCfg = Debug|Xbox
		{31FAE924-14B7-45E3-ABEC-DDF33A6C738E}.Debug Win32.Build.0 = Debug|Xbox
		{31FAE924-14B7-45E3-ABEC-DDF33A6C738E}.Debug Xbox.ActiveCfg = Debug|Xbox
		{31FAE924-14B7-45E3-ABEC-DDF33A6C738E}.Debug Xbox.Build.0 = Debug|Xbox
		{31FAE924-14B7-45E3-ABEC-DDF33A6C738E}.Hybrid.ActiveCfg = Debug|Xbox
		{31FAE924-14B7-45E3-ABEC-DDF33A6C738E}.Profile.ActiveCfg = Profile|Xbox
		{31FAE924-14B7-45E3-ABEC-DDF33A6C738E}.Profile Win32.ActiveCfg = Profile|Xbox
		{31FAE924-14B7-45E3-ABEC-DDF33A6C738E}.Profile Win32.Build.0 = Profile|Xbox
		{31FAE924-14B7-45E3-ABEC-DDF33A6C738E}.Profile Xbox.ActiveCfg = Profile|Xbox
		{31FAE924-14B7-45E3-ABEC-DDF33A6C738E}.Profile Xbox.Build.0 = Profile|Xbox
		{31FAE924-14B7-45E3-ABEC-DDF33A6C738E}.Release.ActiveCfg = Release|Xbox
		{31FAE924-14B7-45E3-ABEC-DDF33A6C738E}.Release Win32.ActiveCfg = Release|Xbox
		{31FAE924-14B7-45E3-ABEC-DDF33A6C738E}.Release Win32.Build.0 = Release|Xbox
		{31FAE924-14B7-45E3-ABEC-DDF33A6C738E}.Release Xbox.ActiveCfg = Release|Xbox
		{31FAE924-14B7-45E3-ABEC-DDF33A6C738E}.Release Xbox.Build.0 = Release|Xbox
		{31FAE924-14B7-45E3-ABEC-DDF33A6C738E}.XBOX Debug.ActiveCfg = Debug|Xbox
		{31FAE924-14B7-45E3-ABEC-DDF33A6C738E}.XBOX Debug.Build.0 = Debug|Xbox
		{31FAE924-14B7-45E3-ABEC-DDF33A6C738E}.XBOX Release.ActiveCfg = Release|Xbox
		{31FAE924-14B7-45E3-ABEC-DDF33A6C738E}.XBOX Release.Build.0 = Release|Xbox
		{10D1BB45-464E-4B73-8623-B8F1B1543E04}.Debug.ActiveCfg = Debug|Xbox
		{10D1BB45-464E-4B73-8623-B8F1B1543E04}.Debug.Build.0 = Debug|Xbox
		{10D1BB45-464E-4B73-8623-B8F1B1543E04}.Debug Win32.ActiveCfg = Debug|Xbox
		{10D1BB45-464E-4B73-8623-B8F1B1543E04}.Debug Win32.Build.0 = Debug|Xbox
		{10D1BB45-464E-4B73-8623-B8F1B1543E04}.Debug Xbox.ActiveCfg = Debug|Xbox
		{10D1BB45-464E-4B73-8623-B8F1B1543E04}.Debug Xbox.Build.0 = Debug|Xbox
		{10D1BB45-464E-4B73-8623-B8F1B1543E04}.Hybrid.ActiveCfg = Debug|Xbox
		{10D1BB45-464E-4B73-8623-B8F1B1543E04}.Profile.ActiveCfg = Profile|Xbox
		{10D1BB45-464E-4B73-8623-B8F1B1543E04}.Profile Win32.ActiveCfg = Profile|Xbox
		{10D1BB45-464E-4B73-8623-B8F1B1543E04}.Profile Win32.Build.0 = Profile|Xbox
		{10D1BB45-464E-4B73-8623-B8F1B1543E04}.Profile Xbox.ActiveCfg = Profile|Xbox
		{10D1BB45-464E-4B73-8623-B8F1B1543E04}.Profile Xbox.Build.0 = Profile|Xbox
		{10D1BB45-464E-4B73-8623-B8F1B1543E04}.Release.ActiveCfg = Release|Xbox
		{10D1BB45-464E-4B73-8623-B8F1B1543E04}.Release Win32.ActiveCfg = Release|Xbox
		{10D1BB45-464E-4B73-8623-B8F1B1543E04}.Release Win32.Build.0 = Release|Xbox
		{10D1BB45-464E-4B73-8623-B8F1B1543E04}.Release Xbox.ActiveCfg = Release|Xbox
		{10D1BB45-464E-4B73-8623-B8F1B1543E04}.Release Xbox.Build.0 = Release|Xbox
		{10D1BB45-464E-4B73-8623-B8F1B1543E04}.XBOX Debug.ActiveCfg = Debug|Xbox
		{10D1BB45-464E-4B73-8623-B8F1B1543E04}.XBOX Debug.Build.0 = Debug|Xbox
		{10D1BB45-464E-4B73-8623-B8F1B1543E04}.XBOX Release.ActiveCfg = Release|Xbox
		{10D1BB45-464E-4B73-8623-B8F1B1543E04}.XBOX Release.Build.0 = Release|Xbox
		{7BB11400-AFC9-4439-89B3-A00122B44850}.Debug.ActiveCfg = Debug|Xbox
		{7BB11400-AFC9-4439-89B3-A00122B44850}.Debug.Build.0 = Debug|Xbox
		{7BB11400-AFC9-4439-89B3-A00122B44850}.Debug Win32.ActiveCfg = Debug|Xbox
		{7BB11400-AFC9-4439-89B3-A00122B44850}.Debug Win32.Build.0 = Debug|Xbox
		{7BB11400-AFC9-4439-89B3-A00122B44850}.Debug Xbox.ActiveCfg = Debug|Xbox
		{7BB11400-AFC9-4439-89B3-A00122B44850}.Debug Xbox.Build.0 = Debug|Xbox
		{7BB11400-AFC9-4439-89B3-A00122B44850}.Hybrid.ActiveCfg = Hybrid|Xbox
		{7BB11400-AFC9-4439-89B3-A00122B44850}.Profile.ActiveCfg = Profile|Xbox
		{7BB11400-AFC9-4439-89B3-A00122B44850}.Profile Win32.ActiveCfg = Profile|Xbox
		{7BB11400-AFC9-4439-89B3-A00122B44850}.Profile Win32.Build.0 = Profile|Xbox
		{7BB11400-AFC9-4439-89B3-A00122B44850}.Profile Xbox.ActiveCfg = Profile|Xbox
		{7BB11400-AFC9-4439-89B3-A00122B44850}.Profile Xbox.Build.0 = Profile|Xbox
		{7BB11400-AFC9-4439-89B3-A00122B44850}.Release.ActiveCfg = Release|Xbox
		{7BB11400-AFC9-4439-89B3-A00122B44850}.Release Win32.ActiveCfg = Release|Xbox
		{7BB11400-AFC9-4439-89B3-A00122B44850}.Release Win32.Build.0 = Release|Xbox
		{7BB11400-AFC9-4439-89B3-A00122B44850}.Release Xbox.ActiveCfg = Release|Xbox
		{7BB11400-AFC9-4439-89B3-A00122B44850}.Release Xbox.Build.0 = Release|Xbox
		{7BB11400-AFC9-4439-89B3-A00122B44850}.XBOX Debug.ActiveCfg = Debug|Xbox
		{7BB11400-AFC9-4439-89B3-A00122B44850}.XBOX Debug.Build.0 = Debug|Xbox
		{7BB11400-AFC9-4439-89B3-A00122B44850}.XBOX Release.ActiveCfg = Release|Xbox
		{7BB11400-AFC9-4439-89B3-A00122B44850}.XBOX Release.Build.0 = Release|Xbox
		{9A635D0D-011B-46AB-B582-CEAC8977775D}.Debug.ActiveCfg = Debug|Xbox
		{9A635D0D-011B-46AB-B582-CEAC8977775D}.Debug.Build.0 = Debug|Xbox
		{9A635D0D-011B-46AB-B582-CEAC8977775D}.Debug Win32.ActiveCfg = Debug|Xbox
		{9A635D0D-011B-46AB-B582-CEAC8977775D}.Debug Win32.Build.0 = Debug|Xbox
		{9A635D0D-011B-46AB-B582-CEAC8977775D}.Debug Xbox.ActiveCfg = Debug|Xbox
		{9A635D0D-011B-46AB-B582-CEAC8977775D}.Debug Xbox.Build.0 = Debug|Xbox
		{9A635D0D-011B-46AB-B582-CEAC8977775D}.Hybrid.ActiveCfg = Profile|Xbox
		{9A635D0D-011B-46AB-B582-CEAC8977775D}.Profile.ActiveCfg = Profile|Xbox
		{9A635D0D-011B-46AB-B582-CEAC8977775D}.Profile Win32.ActiveCfg = Profile|Xbox
		{9A635D0D-011B-46AB-B582-CEAC8977775D}.Profile Win32.Build.0 = Profile|Xbox
		{9A635D0D-011B-46AB-B582-CEAC8977775D}.Profile Xbox.ActiveCfg = Profile|Xbox
		{9A635D0D-011B-46AB-B582-CEAC8977775D}.Profile Xbox.Build.0 = Profile|Xbox
		{9A635D0D-011B-46AB-B582-CEAC8977775D}.Release.ActiveCfg = Release|Xbox
		{9A635D0D-011B-46AB-B582-CEAC8977775D}.Release Win32.ActiveCfg = Release|Xbox
		{9A635D0D-011B-46AB-B582-CEAC8977775D}.Release Win32.Build.0 = Release|Xbox
		{9A635D0D-011B-46AB-B582-CEAC8977775D}.Release Xbox.ActiveCfg = Release|Xbox
		{9A635D0D-011B-46AB-B582-CEAC8977775D}.Release Xbox.Build.0 = Release|Xbox
		{9A635D0D-011B-46AB-B582-CEAC8977775D}.XBOX Debug.ActiveCfg = Debug|Xbox
		{9A635D0D-011B-46AB-B582-CEAC8977775D}.XBOX Debug.Build.0 = Debug|Xbox
		{9A635D0D-011B-46AB-B582-CEAC8977775D}.XBOX Release.ActiveCfg = Release|Xbox
		{9A635D0D-011B-46AB-B582-CEAC8977775D}.XBOX Release.Build.0 = Release|Xbox
		{B75C56F5-1D23-4F46-B981-E685CC442DBB}.Debug.ActiveCfg = Debug|Xbox
		{B75C56F5-1D23-4F46-B981-E685CC442DBB}.Debug.Build.0 = Debug|Xbox
		{B75C56F5-1D23-4F46-B981-E685CC442DBB}.Debug Win32.ActiveCfg = Debug|Xbox
		{B75C56F5-1D23-4F46-B981-E685CC442DBB}.Debug Win32.Build.0 = Debug|Xbox
		{B75C56F5-1D23-4F46-B981-E685CC442DBB}.Debug Xbox.ActiveCfg = Debug|Xbox
		{B75C56F5-1D23-4F46-B981-E685CC442DBB}.Debug Xbox.Build.0 = Debug|Xbox
		{B75C56F5-1D23-4F46-B981-E685CC442DBB}.Hybrid.ActiveCfg = Debug|Xbox
		{B75C56F5-1D23-4F46-B981-E685CC442DBB}.Profile.ActiveCfg = Profile|Xbox
		{B75C56F5-1D23-4F46-B981-E685CC442DBB}.Profile Win32.ActiveCfg = Profile|Xbox
		{B75C56F5-1D23-4F46-B981-E685CC442DBB}.Profile Win32.Build.0 = Profile|Xbox
		{B75C56F5-1D23-4F46-B981-E685CC442DBB}.Profile Xbox.ActiveCfg = Profile|Xbox
		{B75C56F5-1D23-4F46-B981-E685CC442DBB}.Profile Xbox.Build.0 = Profile|Xbox
		{B75C56F5-1D23-4F46-B981-E685CC442DBB}.Release.ActiveCfg = Release|Xbox
		{B75C56F5-1D23-4F46-B981-E685CC442DBB}.Release Win32.ActiveCfg = Release|Xbox
		{B75C56F5-1D23-4F46-B981-E685CC442DBB}.Release Win32.Build.0 = Release|Xbox
		{B75C56F5-1D23-4F46-B981-E685CC442DBB}.Release Xbox.ActiveCfg = Release|Xbox
		{B75C56F5-1D23-4F46-B981-E685CC442DBB}.Release Xbox.Build.0 = Release|Xbox
		{B75C56F5-1D23-4F46-B981-E685CC442DBB}.XBOX Debug.ActiveCfg = Debug|Xbox
		{B75C56F5-1D23-4F46-B981-E685CC442DBB}.XBOX Debug.Build.0 = Debug|Xbox
		{B75C56F5-1D23-4F46-B981-E685CC442DBB}.XBOX Release.ActiveCfg = Release|Xbox
		{B75C56F5-1D23-4F46-B981-E685CC442DBB}.XBOX Release.Build.0 = Release|Xbox
		{A7EC04A5-D65C-4C45-969C-D842823446ED}.Debug.ActiveCfg = Debug|Xbox
		{A7EC04A5-D65C-4C45-969C-D842823446ED}.Debug.Build.0 = Debug|Xbox
		{A7EC04A5-D65C-4C45-969C-D842823446ED}.Debug Win32.ActiveCfg = Debug|Xbox
		{A7EC04A5-D65C-4C45-969C-D842823446ED}.Debug Win32.Build.0 = Debug|Xbox
		{A7EC04A5-D65C-4C45-969C-D842823446ED}.Debug Xbox.ActiveCfg = Debug|Xbox
		{A7EC04A5-D65C-4C45-969C-D842823446ED}.Debug Xbox.Build.0 = Debug|Xbox
		{A7EC04A5-D65C-4C45-969C-D842823446ED}.Hybrid.ActiveCfg = Profile|Xbox
		{A7EC04A5-D65C-4C45-969C-D842823446ED}.Profile.ActiveCfg = Profile|Xbox
		{A7EC04A5-D65C-4C45-969C-D842823446ED}.Profile Win32.ActiveCfg = Profile|Xbox
		{A7EC04A5-D65C-4C45-969C-D842823446ED}.Profile Win32.Build.0 = Profile|Xbox
		{A7EC04A5-D65C-4C45-969C-D842823446ED}.Profile Xbox.ActiveCfg = Profile|Xbox
		{A7EC04A5-D65C-4C45-969C-D842823446ED}.Profile Xbox.Build.0 = Profile|Xbox
		{A7EC04A5-D65C-4C45-969C-D842823446ED}.Release.ActiveCfg = Release|Xbox
		{A7EC04A5-D65C-4C45-969C-D842823446ED}.Release Win32.ActiveCfg = Release|Xbox
		{A7EC04A5-D65C-4C45-969C-D842823446ED}.Release Win32.Build.0 = Release|Xbox
		{A7EC04A5-D65C-4C45-969C-D842823446ED}.Release Xbox.ActiveCfg = Release|Xbox
		{A7EC04A5-D65C-4C45-969C-D842823446ED}.Release Xbox.Build.0 = Release|Xbox
		{A7EC04A5-D65C-4C45-969C-D842823446ED}.XBOX Debug.ActiveCfg = Debug|Xbox
		{A7EC04A5-D65C-4C45-969C-D842823446ED}.XBOX Debug.Build.0 = Debug|Xbox
		{A7EC04A5-D65C-4C45-969C-D842823446ED}.XBOX Release.ActiveCfg = Release|Xbox
		{A7EC04A5-D65C-4C45-969C-D842823446ED}.XBOX Release.Build.0 = Release|Xbox
		{DFEF73F1-9AC4-44FD-B0E0-6E5B5B59BECB}.Debug.ActiveCfg = Debug|Xbox
		{DFEF73F1-9AC4-44FD-B0E0-6E5B5B59BECB}.Debug.Build.0 = Debug|Xbox
		{DFEF73F1-9AC4-44FD-B0E0-6E5B5B59BECB}.Debug Win32.ActiveCfg = Debug|Xbox
		{DFEF73F1-9AC4-44FD-B0E0-6E5B5B59BECB}.Debug Win32.Build.0 = Debug|Xbox
		{DFEF73F1-9AC4-44FD-B0E0-6E5B5B59BECB}.Debug Xbox.ActiveCfg = Debug|Xbox
		{DFEF73F1-9AC4-44FD-B0E0-6E5B5B59BECB}.Debug Xbox.Build.0 = Debug|Xbox
		{DFEF73F1-9AC4-44FD-B0E0-6E5B5B59BECB}.Hybrid.ActiveCfg = Profile|Xbox
		{DFEF73F1-9AC4-44FD-B0E0-6E5B5B59BECB}.Profile.ActiveCfg = Profile|Xbox
		{DFEF73F1-9AC4-44FD-B0E0-6E5B5B59BECB}.Profile Win32.ActiveCfg = Profile|Xbox
		{DFEF73F1-9AC4-44FD-B0E0-6E5B5B59BECB}.Profile Win32.Build.0 = Profile|Xbox
		{DFEF73F1-9AC4-44FD-B0E0-6E5B5B59BECB}.Profile Xbox.ActiveCfg = Profile|Xbox
		{DFEF73F1-9AC4-44FD-B0E0-6E5B5B59BECB}.Profile Xbox.Build.0 = Profile|Xbox
		{DFEF73F1-9AC4-44FD-B0E0-6E5B5B59BECB}.Release.ActiveCfg = Release|Xbox
		{DFEF73F1-9AC4-44FD-B0E0-6E5B5B59BECB}.Release Win32.ActiveCfg = Release|Xbox
		{DFEF73F1-9AC4-44FD-B0E0-6E5B5B59BECB}.Release Win32.Build.0 = Release|Xbox
		{DFEF73F1-9AC4-44FD-B0E0-6E5B5B59BECB}.Release Xbox.ActiveCfg = Release|Xbox
		{DFEF73F1-9AC4-44FD-B0E0-6E5B5B59BECB}.Release Xbox.Build.0 = Release|Xbox
		{DFEF73F1-9AC4-44FD-B0E0-6E5B5B59BECB}.XBOX Debug.ActiveCfg = Debug|Xbox
		{DFEF73F1-9AC4-44FD-B0E0-6E5B5B59BECB}.XBOX Debug.Build.0 = Debug|Xbox
		{DFEF73F1-9AC4-44FD-B0E0-6E5B5B59BECB}.XBOX Release.ActiveCfg = Release|Xbox
		{DFEF73F1-9AC4-44FD-B0E0-6E5B5B59BECB}.XBOX Release.Build.0 = Release|Xbox
		{9A4E4BCE-D5B3-474A-874C-6578983CFC7C}.Debug.ActiveCfg = Debug|Xbox
		{9A4E4BCE-D5B3-474A-874C-6578983CFC7C}.Debug.Build.0 = Debug|Xbox
		{9A4E4BCE-D5B3-474A-874C-6578983CFC7C}.Debug Win32.ActiveCfg = Debug|Xbox
		{9A4E4BCE-D5B3-474A-874C-6578983CFC7C}.Debug Win32.Build.0 = Debug|Xbox
		{9A4E4BCE-D5B3-474A-874C-6578983CFC7C}.Debug Xbox.ActiveCfg = Debug|Xbox
		{9A4E4BCE-D5B3-474A-874C-6578983CFC7C}.Debug Xbox.Build.0 = Debug|Xbox
		{9A4E4BCE-D5B3-474A-874C-6578983CFC7C}.Hybrid.ActiveCfg = Profile|Xbox
		{9A4E4BCE-D5B3-474A-874C-6578983CFC7C}.Profile.ActiveCfg = Profile|Xbox
		{9A4E4BCE-D5B3-474A-874C-6578983CFC7C}.Profile Win32.ActiveCfg = Profile|Xbox
		{9A4E4BCE-D5B3-474A-874C-6578983CFC7C}.Profile Win32.Build.0 = Profile|Xbox
		{9A4E4BCE-D5B3-474A-874C-6578983CFC7C}.Profile Xbox.ActiveCfg = Profile|Xbox
		{9A4E4BCE-D5B3-474A-874C-6578983CFC7C}.Profile Xbox.Build.0 = Profile|Xbox
		{9A4E4BCE-D5B3-474A-874C-6578983CFC7C}.Release.ActiveCfg = Release|Xbox
		{9A4E4BCE-D5B3-474A-874C-6578983CFC7C}.Release Win32.ActiveCfg = Release|Xbox
		{9A4E4BCE-D5B3-474A-874C-6578983CFC7C}.Release Win32.Build.0 = Release|Xbox
		{9A4E4BCE-D5B3-474A-874C-6578983CFC7C}.Release Xbox.ActiveCfg = Release|Xbox
		{9A4E4BCE-D5B3-474A-874C-6578983CFC7C}.Release Xbox.Build.0 = Release|Xbox
		{9A4E4BCE-D5B3-474A-874C-6578983CFC7C}.XBOX Debug.ActiveCfg = Debug|Xbox
		{9A4E4BCE-D5B3-474A-874C-6578983CFC7C}.XBOX Debug.Build.0 = Debug|Xbox
		{9A4E4BCE-D5B3-474A-874C-6578983CFC7C}.XBOX Release.ActiveCfg = Release|Xbox
		{9A4E4BCE-D5B3-474A-874C-6578983CFC7C}.XBOX Release.Build.0 = Release|Xbox
		{8E23CD25-D0DD-4655-A25E-26DFF7E849D0}.Debug.ActiveCfg = Debug|Xbox
		{8E23CD25-D0DD-4655-A25E-26DFF7E849D0}.Debug.Build.0 = Debug|Xbox
		{8E23CD25-D0DD-4655-A25E-26DFF7E849D0}.Debug Win32.ActiveCfg = Debug|Xbox
		{8E23CD25-D0DD-4655-A25E-26DFF7E849D0}.Debug Win32.Build.0 = Debug|Xbox
		{8E23CD25-D0DD-4655-A25E-26DFF7E849D0}.Debug Xbox.ActiveCfg = Debug|Xbox
		{8E23CD25-D0DD-4655-A25E-26DFF7E849D0}.Debug Xbox.Build.0 = Debug|Xbox
		{8E23CD25-D0DD-4655-A25E-26DFF7E849D0}.Hybrid.ActiveCfg = Release|Xbox
		{8E23CD25-D0DD-4655-A25E-26DFF7E849D0}.Profile.ActiveCfg = Profile|Xbox
		{8E23CD25-D0DD-4655-A25E-26DFF7E849D0}.Profile Win32.ActiveCfg = Profile|Xbox
		{8E23CD25-D0DD-4655-A25E-26DFF7E849D0}.Profile Win32.Build.0 = Profile|Xbox
		{8E23CD25-D0DD-4655-A25E-26DFF7E849D0}.Profile Xbox.ActiveCfg = Profile|Xbox
		{8E23CD25-D0DD-4655-A25E-26DFF7E849D0}.Profile Xbox.Build.0 = Profile|Xbox
		{8E23CD25-D0DD-4655-A25E-26DFF7E849D0}.Release.ActiveCfg = Release|Xbox
		{8E23CD25-D0DD-4655-A25E-26DFF7E849D0}.Release Win32.ActiveCfg = Release|Xbox
		{8E23CD25-D0DD-4655-A25E-26DFF7E849D0}.Release Win32.Build.0 = Release|Xbox
		{8E23CD25-D0DD-4655-A25E-26DFF7E849D0}.Release Xbox.ActiveCfg = Release|Xbox
		{8E23CD25-D0DD-4655-A25E-26DFF7E849D0}.Release Xbox.Build.0 = Release|Xbox
		{8E23CD25-D0DD-4655-A25E-26DFF7E849D0}.XBOX Debug.ActiveCfg = Debug|Xbox
		{8E23CD25-D0DD-4655-A25E-26DFF7E849D0}.XBOX Debug.Build.0 = Debug|Xbox
		{8E23CD25-D0DD-4655-A25E-26DFF7E849D0}.XBOX Release.ActiveCfg = Release|Xbox
		{8E23CD25-D0DD-4655-A25E-26DFF7E849D0}.XBOX Release.Build.0 = Release|Xbox
		{80E81C96-6482-40F5-9C8B-DDE831B136CE}.Debug.ActiveCfg = Debug|Xbox
		{80E81C96-6482-40F5-9C8B-DDE831B136CE}.Debug.Build.0 = Debug|Xbox
		{80E81C96-6482-40F5-9C8B-DDE831B136CE}.Debug Win32.ActiveCfg = Debug|Xbox
		{80E81C96-6482-40F5-9C8B-DDE831B136CE}.Debug Win32.Build.0 = Debug|Xbox
		{80E81C96-6482-40F5-9C8B-DDE831B136CE}.Debug Xbox.ActiveCfg = Debug|Xbox
		{80E81C96-6482-40F5-9C8B-DDE831B136CE}.Debug Xbox.Build.0 = Debug|Xbox
		{80E81C96-6482-40F5-9C8B-DDE831B136CE}.Hybrid.ActiveCfg = Profile|Xbox
		{80E81C96-6482-40F5-9C8B-DDE831B136CE}.Profile.ActiveCfg = Profile|Xbox
		{80E81C96-6482-40F5-9C8B-DDE831B136CE}.Profile Win32.ActiveCfg = Profile|Xbox
		{80E81C96-6482-40F5-9C8B-DDE831B136CE}.Profile Win32.Build.0 = Profile|Xbox
		{80E81C96-6482-40F5-9C8B-DDE831B136CE}.Profile Xbox.ActiveCfg = Profile|Xbox
		{80E81C96-6482-40F5-9C8B-DDE831B136CE}.Profile Xbox.Build.0 = Profile|Xbox
		{80E81C96-6482-40F5-9C8B-DDE831B136CE}.Release.ActiveCfg = Release|Xbox
		{80E81C96-6482-40F5-9C8B-DDE831B136CE}.Release Win32.ActiveCfg = Release|Xbox
		{80E81C96-6482-40F5-9C8B-DDE831B136CE}.Release Win32.Build.0 = Release|Xbox
		{80E81C96-6482-40F5-9C8B-DDE831B136CE}.Release Xbox.ActiveCfg = Release|Xbox
		{80E81C96-6482-40F5-9C8B-DDE831B136CE}.Release Xbox.Build.0 = Release|Xbox
		{80E81C96-6482-40F5-9C8B-DDE831B136CE}.XBOX Debug.ActiveCfg = Debug|Xbox
		{80E81C96-6482-40F5-9C8B-DDE831B136CE}.XBOX Debug.Build.0 = Debug|Xbox
		{80E81C96-6482-40F5-9C8B-DDE831B136CE}.XBOX Release.ActiveCfg = Release|Xbox
		{80E81C96-6482-40F5-9C8B-DDE831B136CE}.XBOX Release.Build.0 = Release|Xbox
		{548DB7CA-1D77-4831-9314-31B0F1FB167B}.Debug.ActiveCfg = Debug|Xbox
		{548DB7CA-1D77-4831-9314-31B0F1FB167B}.Debug.Build.0 = Debug|Xbox
		{548DB7CA-1D77-4831-9314-31B0F1FB167B}.Debug Win32.ActiveCfg = Debug|Xbox
		{548DB7CA-1D77-4831-9314-31B0F1FB167B}.Debug Win32.Build.0 = Debug|Xbox
		{548DB7CA-1D77-4831-9314-31B0F1FB167B}.Debug Xbox.ActiveCfg = Debug|Xbox
		{548DB7CA-1D77-4831-9314-31B0F1FB167B}.Debug Xbox.Build.0 = Debug|Xbox
		{548DB7CA-1D77-4831-9314-31B0F1FB167B}.Hybrid.ActiveCfg = Debug|Xbox
		{548DB7CA-1D77-4831-9314-31B0F1FB167B}.Profile.ActiveCfg = Profile|Xbox
		{548DB7CA-1D77-4831-9314-31B0F1FB167B}.Profile Win32.ActiveCfg = Profile|Xbox
		{548DB7CA-1D77-4831-9314-31B0F1FB167B}.Profile Win32.Build.0 = Profile|Xbox
		{548DB7CA-1D77-4831-9314-31B0F1FB167B}.Profile Xbox.ActiveCfg = Profile|Xbox
		{548DB7CA-1D77-4831-9314-31B0F1FB167B}.Profile Xbox.Build.0 = Profile|Xbox
		{548DB7CA-1D77-4831-9314-31B0F1FB167B}.Release.ActiveCfg = Release|Xbox
		{548DB7CA-1D77-4831-9314-31B0F1FB167B}.Release Win32.ActiveCfg = Release|Xbox
		{548DB7CA-1D77-4831-9314-31B0F1FB167B}.Release Win32.Build.0 = Release|Xbox
		{548DB7CA-1D77-4831-9314-31B0F1FB167B}.Release Xbox.ActiveCfg = Release|Xbox
		{548DB7CA-1D77-4831-9314-31B0F1FB167B}.Release Xbox.Build.0 = Release|Xbox
		{548DB7CA-1D77-4831-9314-31B0F1FB167B}.XBOX Debug.ActiveCfg = Debug|Xbox
		{548DB7CA-1D77-4831-9314-31B0F1FB167B}.XBOX Debug.Build.0 = Debug|Xbox
		{548DB7CA-1D77-4831-9314-31B0F1FB167B}.XBOX Release.ActiveCfg = Release|Xbox
		{548DB7CA-1D77-4831-9314-31B0F1FB167B}.XBOX Release.Build.0 = Release|Xbox
		{9F9FB6F5-D971-4887-B0AD-5C368DDAD90B}.Debug.ActiveCfg = Debug|Xbox
		{9F9FB6F5-D971-4887-B0AD-5C368DDAD90B}.Debug.Build.0 = Debug|Xbox
		{9F9FB6F5-D971-4887-B0AD-5C368DDAD90B}.Debug Win32.ActiveCfg = Debug|Xbox
		{9F9FB6F5-D971-4887-B0AD-5C368DDAD90B}.Debug Win32.Build.0 = Debug|Xbox
		{9F9FB6F5-D971-4887-B0AD-5C368DDAD90B}.Debug Xbox.ActiveCfg = Debug|Xbox
		{9F9FB6F5-D971-4887-B0AD-5C368DDAD90B}.Debug Xbox.Build.0 = Debug|Xbox
		{9F9FB6F5-D971-4887-B0AD-5C368DDAD90B}.Hybrid.ActiveCfg = Profile|Xbox
		{9F9FB6F5-D971-4887-B0AD-5C368DDAD90B}.Profile.ActiveCfg = Profile|Xbox
		{9F9FB6F5-D971-4887-B0AD-5C368DDAD90B}.Profile Win32.ActiveCfg = Profile|Xbox
		{9F9FB6F5-D971-4887-B0AD-5C368DDAD90B}.Profile Win32.Build.0 = Profile|Xbox
		{9F9FB6F5-D971-4887-B0AD-5C368DDAD90B}.Profile Xbox.ActiveCfg = Profile|Xbox
		{9F9FB6F5-D971-4887-B0AD-5C368DDAD90B}.Profile Xbox.Build.0 = Profile|Xbox
		{9F9FB6F5-D971-4887-B0AD-5C368DDAD90B}.Release.ActiveCfg = Release|Xbox
		{9F9FB6F5-D971-4887-B0AD-5C368DDAD90B}.Release Win32.ActiveCfg = Release|Xbox
		{9F9FB6F5-D971-4887-B0AD-5C368DDAD90B}.Release Win32.Build.0 = Release|Xbox
		{9F9FB6F5-D971-4887-B0AD-5C368DDAD90B}.Release Xbox.ActiveCfg = Release|Xbox
		{9F9FB6F5-D971-4887-B0AD-5C368DDAD90B}.Release Xbox.Build.0 = Release|Xbox
		{9F9FB6F5-D971-4887-B0AD-5C368DDAD90B}.XBOX Debug.ActiveCfg = Debug|Xbox
		{9F9FB6F5-D971-4887-B0AD-5C368DDAD90B}.XBOX Debug.Build.0 = Debug|Xbox
		{9F9FB6F5-D971-4887-B0AD-5C368DDAD90B}.XBOX Release.ActiveCfg = Release|Xbox
		{9F9FB6F5-D971-4887-B0AD-5C368DDAD90B}.XBOX Release.Build.0 = Release|Xbox
		{371D7BDF-BD06-4CF1-A697-CE7CC57C107D}.Debug.ActiveCfg = Debug|Xbox
		{371D7BDF-BD06-4CF1-A697-CE7CC57C107D}.Debug.Build.0 = Debug|Xbox
		{371D7BDF-BD06-4CF1-A697-CE7CC57C107D}.Debug Win32.ActiveCfg = Debug|Xbox
		{371D7BDF-BD06-4CF1-A697-CE7CC57C107D}.Debug Win32.Build.0 = Debug|Xbox
		{371D7BDF-BD06-4CF1-A697-CE7CC57C107D}.Debug Xbox.ActiveCfg = Debug|Xbox
		{371D7BDF-BD06-4CF1-A697-CE7CC57C107D}.Debug Xbox.Build.0 = Debug|Xbox
		{371D7BDF-BD06-4CF1-A697-CE7CC57C107D}.Hybrid.ActiveCfg = Release|Xbox
		{371D7BDF-BD06-4CF1-A697-CE7CC57C107D}.Profile.ActiveCfg = Profile|Xbox
		{371D7BDF-BD06-4CF1-A697-CE7CC57C107D}.Profile Win32.ActiveCfg = Profile|Xbox
		{371D7BDF-BD06-4CF1-A697-CE7CC57C107D}.Profile Win32.Build.0 = Profile|Xbox
		{371D7BDF-BD06-4CF1-A697-CE7CC57C107D}.Profile Xbox.ActiveCfg = Profile|Xbox
		{371D7BDF-BD06-4CF1-A697-CE7CC57C107D}.Profile Xbox.Build.0 = Profile|Xbox
		{371D7BDF-BD06-4CF1-A697-CE7CC57C107D}.Release.ActiveCfg = Release|Xbox
		{371D7BDF-BD06-4CF1-A697-CE7CC57C107D}.Release Win32.ActiveCfg = Release|Xbox
		{371D7BDF-BD06-4CF1-A697-CE7CC57C107D}.Release Win32.Build.0 = Release|Xbox
		{371D7BDF-BD06-4CF1-A697-CE7CC57C107D}.Release Xbox.ActiveCfg = Release|Xbox
		{371D7BDF-BD06-4CF1-A697-CE7CC57C107D}.Release Xbox.Build.0 = Release|Xbox
		{371D7BDF-BD06-4CF1-A697-CE7CC57C107D}.XBOX Debug.ActiveCfg = Debug|Xbox
		{371D7BDF-BD06-4CF1-A697-CE7CC57C107D}.XBOX Debug.Build.0 = Debug|Xbox
		{371D7BDF-BD06-4CF1-A697-CE7CC57C107D}.XBOX Release.ActiveCfg = Release|Xbox
		{371D7BDF-BD06-4CF1-A697-CE7CC57C107D}.XBOX Release.Build.0 = Release|Xbox
		{E9EC2400-2FAB-460B-8CE4-4F0521D23866}.Debug.ActiveCfg = Debug|Xbox
		{E9EC2400-2FAB-460B-8CE4-4F0521D23866}.Debug.Build.0 = Debug|Xbox
		{E9EC2400-2FAB-460B-8CE4-4F0521D23866}.Debug Win32.ActiveCfg = Debug|Xbox
		{E9EC2400-2FAB-460B-8CE4-4F0521D23866}.Debug Win32.Build.0 = Debug|Xbox
		{E9EC2400-2FAB-460B-8CE4-4F0521D23866}.Debug Xbox.ActiveCfg = Debug|Xbox
		{E9EC2400-2FAB-460B-8CE4-4F0521D23866}.Debug Xbox.Build.0 = Debug|Xbox
		{E9EC2400-2FAB-460B-8CE4-4F0521D23866}.Hybrid.ActiveCfg = Debug|Xbox
		{E9EC2400-2FAB-460B-8CE4-4F0521D23866}.Hybrid.Build.0 = Debug|Xbox
		{E9EC2400-2FAB-460B-8CE4-4F0521D23866}.Profile.ActiveCfg = Profile|Xbox
		{E9EC2400-2FAB-460B-8CE4-4F0521D23866}.Profile.Build.0 = Profile|Xbox
		{E9EC2400-2FAB-460B-8CE4-4F0521D23866}.Profile Win32.ActiveCfg = Profile|Xbox
		{E9EC2400-2FAB-460B-8CE4-4F0521D23866}.Profile Win32.Build.0 = Profile|Xbox
		{E9EC2400-2FAB-460B-8CE4-4F0521D23866}.Profile Xbox.ActiveCfg = Profile|Xbox
		{E9EC2400-2FAB-460B-8CE4-4F0521D23866}.Profile Xbox.Build.0 = Profile|Xbox
		{E9EC2400-2FAB-460B-8CE4-4F0521D23866}.Release.ActiveCfg = Release|Xbox
		{E9EC2400-2FAB-460B-8CE4-4F0521D23866}.Release.Build.0 = Release|Xbox
		{E9EC2400-2FAB-460B-8CE4-4F0521D23866}.Release Win32.ActiveCfg = Release|Xbox
		{E9EC2400-2FAB-460B-8CE4-4F0521D23866}.Release Win32.Build.0 = Release|Xbox
		{E9EC2400-2FAB-460B-8CE4-4F0521D23866}.Release Xbox.ActiveCfg = Release|Xbox
		{E9EC2400-2FAB-460B-8CE4-4F0521D23866}.Release Xbox.Build.0 = Release|Xbox
		{E9EC2400-2FAB-460B-8CE4-4F0521D23866}.XBOX Debug.ActiveCfg = Debug|Xbox
		{E9EC2400-2FAB-460B-8CE4-4F0521D23866}.XBOX Debug.Build.0 = Debug|Xbox
		{E9EC2400-2FAB-460B-8CE4-4F0521D23866}.XBOX Release.ActiveCfg = Release|Xbox
		{E9EC2400-2FAB-460B-8CE4-4F0521D23866}.XBOX Release.Build.0 = Release|Xbox
		{E2E8D5F5-B6CF-4FFE-833C-6877C40D41A5}.Debug.ActiveCfg = Debug|Xbox
		{E2E8D5F5-B6CF-4FFE-833C-6877C40D41A5}.Debug.Build.0 = Debug|Xbox
		{E2E8D5F5-B6CF-4FFE-833C-6877C40D41A5}.Debug Win32.ActiveCfg = Debug|Xbox
		{E2E8D5F5-B6CF-4FFE-833C-6877C40D41A5}.Debug Win32.Build.0 = Debug|Xbox
		{E2E8D5F5-B6CF-4FFE-833C-6877C40D41A5}.Debug Xbox.ActiveCfg = Debug|Xbox
		{E2E8D5F5-B6CF-4FFE-833C-6877C40D41A5}.Debug Xbox.Build.0 = Debug|Xbox
		{E2E8D5F5-B6CF-4FFE-833C-6877C40D41A5}.Hybrid.ActiveCfg = Profile|Xbox
		{E2E8D5F5-B6CF-4FFE-833C-6877C40D41A5}.Hybrid.Build.0 = Profile|Xbox
		{E2E8D5F5-B6CF-4FFE-833C-6877C40D41A5}.Profile.ActiveCfg = Profile|Xbox
		{E2E8D5F5-B6CF-4FFE-833C-6877C40D41A5}.Profile.Build.0 = Profile|Xbox
		{E2E8D5F5-B6CF-4FFE-833C-6877C40D41A5}.Profile Win32.ActiveCfg = Profile|Xbox
		{E2E8D5F5-B6CF-4FFE-833C-6877C40D41A5}.Profile Win32.Build.0 = Profile|Xbox
		{E2E8D5F5-B6CF-4FFE-833C-6877C40D41A5}.Profile Xbox.ActiveCfg = Profile|Xbox
		{E2E8D5F5-B6CF-4FFE-833C-6877C40D41A5}.Profile Xbox.Build.0 = Profile|Xbox
		{E2E8D5F5-B6CF-4FFE-833C-6877C40D41A5}.Release.ActiveCfg = Release|Xbox
		{E2E8D5F5-B6CF-4FFE-833C-6877C40D41A5}.Release.Build.0 = Release|Xbox
		{E2E8D5F5-B6CF-4FFE-833C-6877C40D41A5}.Release Win32.ActiveCfg = Release|Xbox
		{E2E8D5F5-B6CF-4FFE-833C-6877C40D41A5}.Release Win32.Build.0 = Release|Xbox
		{E2E8D5F5-B6CF-4FFE-833C-6877C40D41A5}.Release Xbox.ActiveCfg = Release|Xbox
		{E2E8D5F5-B6CF-4FFE-833C-6877C40D41A5}.Release Xbox.Build.0 = Release|Xbox
		{E2E8D5F5-B6CF-4FFE-833C-6877C40D41A5}.XBOX Debug.ActiveCfg = Debug|Xbox
		{E2E8D5F5-B6CF-4FFE-833C-6877C40D41A5}.XBOX Debug.Build.0 = Debug|Xbox
		{E2E8D5F5-B6CF-4FFE-833C-6877C40D41A5}.XBOX Release.ActiveCfg = Release|Xbox
		{E2E8D5F5-B6CF-4FFE-833C-6877C40D41A5}.XBOX Release.Build.0 = Release|Xbox
	EndGlobalSection
	GlobalSection(ExtensibilityGlobals) = postSolution
		DPBuild = 5
	EndGlobalSection
	GlobalSection(ExtensibilityAddIns) = postSolution
	EndGlobalSection
	GlobalSection(DevPartner) = postSolution
	EndGlobalSection
	GlobalSection(DevPartner) = postSolution
	EndGlobalSection
	GlobalSection(DevPartner) = postSolution
	EndGlobalSection
	GlobalSection(DevPartner) = postSolution
	EndGlobalSection
	GlobalSection(DevPartner) = postSolution
	EndGlobalSection
EndGlobal
